
Microsoft Visual Studio Solution File, Format Version 12.00
# Visual Studio Version 16
VisualStudioVersion = 16.0.809.0
MinimumVisualStudioVersion = 10.0.40219.1
Project("{FAE04EC0-301F-11D3-BF4B-00C04F79EFBC}") = "Fichtner.Docs.Web", "Fichtner.Docs.Web\Fichtner.Docs.Web.csproj", "{F91A8CD1-3AAD-43B9-9B50-2A798B7AA010}"
EndProject
Global
	GlobalSection(SolutionConfigurationPlatforms) = preSolution
		Debug|Any CPU = Debug|Any CPU
		Release|Any CPU = Release|Any CPU
	EndGlobalSection
	GlobalSection(ProjectConfigurationPlatforms) = postSolution
		{F91A8CD1-3AAD-43B9-9B50-2A798B7AA010}.Debug|Any CPU.ActiveCfg = Debug|Any CPU
		{F91A8CD1-3AAD-43B9-9B50-2A798B7AA010}.Debug|Any CPU.Build.0 = Debug|Any CPU
		{F91A8CD1-3AAD-43B9-9B50-2A798B7AA010}.Release|Any CPU.ActiveCfg = Release|Any CPU
		{F91A8CD1-3AAD-43B9-9B50-2A798B7AA010}.Release|Any CPU.Build.0 = Release|Any CPU
	EndGlobalSection
	GlobalSection(SolutionProperties) = preSolution
		HideSolutionNode = FALSE
	EndGlobalSection
	GlobalSection(ExtensibilityGlobals) = postSolution
		SolutionGuid = {5B32A913-18B1-4E36-9E90-ADA1FA78ED54}
	EndGlobalSection
EndGlobal
